// !$*UTF8*$!
{
	archiveVersion = 1;
	classes = {
	};
	objectVersion = 46;
	objects = {

/* Begin PBXBuildFile section */
		3FDA64961CFDBF46009BE61D /* main.m in Sources */ = {isa = PBXBuildFile; fileRef = 3FDA64951CFDBF46009BE61D /* main.m */; };
		3FDA64991CFDBF46009BE61D /* AppDelegate.m in Sources */ = {isa = PBXBuildFile; fileRef = 3FDA64981CFDBF46009BE61D /* AppDelegate.m */; };
		3FDA649C1CFDBF46009BE61D /* ViewController.m in Sources */ = {isa = PBXBuildFile; fileRef = 3FDA649B1CFDBF46009BE61D /* ViewController.m */; };
		3FDA649F1CFDBF46009BE61D /* Main.storyboard in Resources */ = {isa = PBXBuildFile; fileRef = 3FDA649D1CFDBF46009BE61D /* Main.storyboard */; };
		3FDA64A11CFDBF46009BE61D /* Assets.xcassets in Resources */ = {isa = PBXBuildFile; fileRef = 3FDA64A01CFDBF46009BE61D /* Assets.xcassets */; };
		3FDA64A41CFDBF46009BE61D /* LaunchScreen.storyboard in Resources */ = {isa = PBXBuildFile; fileRef = 3FDA64A21CFDBF46009BE61D /* LaunchScreen.storyboard */; };
		3FDA64AF1CFDBF46009BE61D /* _233Tests.m in Sources */ = {isa = PBXBuildFile; fileRef = 3FDA64AE1CFDBF46009BE61D /* _233Tests.m */; };
		3FDA64BA1CFDBF46009BE61D /* _233UITests.m in Sources */ = {isa = PBXBuildFile; fileRef = 3FDA64B91CFDBF46009BE61D /* _233UITests.m */; };
/* End PBXBuildFile section */

/* Begin PBXContainerItemProxy section */
		3FDA64AB1CFDBF46009BE61D /* PBXContainerItemProxy */ = {
			isa = PBXContainerItemProxy;
			containerPortal = 3FDA64891CFDBF46009BE61D /* Project object */;
			proxyType = 1;
			remoteGlobalIDString = 3FDA64901CFDBF46009BE61D;
			remoteInfo = 1233;
		};
		3FDA64B61CFDBF46009BE61D /* PBXContainerItemProxy */ = {
			isa = PBXContainerItemProxy;
			containerPortal = 3FDA64891CFDBF46009BE61D /* Project object */;
			proxyType = 1;
			remoteGlobalIDString = 3FDA64901CFDBF46009BE61D;
			remoteInfo = 1233;
		};
/* End PBXContainerItemProxy section */

/* Begin PBXFileReference section */
		3FDA64911CFDBF46009BE61D /* 1233.app */ = {isa = PBXFileReference; explicitFileType = wrapper.application; includeInIndex = 0; path = 1233.app; sourceTree = BUILT_PRODUCTS_DIR; };
		3FDA64951CFDBF46009BE61D /* main.m */ = {isa = PBXFileReference; lastKnownFileType = sourcecode.c.objc; path = main.m; sourceTree = "<group>"; };
		3FDA64971CFDBF46009BE61D /* AppDelegate.h */ = {isa = PBXFileReference; lastKnownFileType = sourcecode.c.h; path = AppDelegate.h; sourceTree = "<group>"; };
		3FDA64981CFDBF46009BE61D /* AppDelegate.m */ = {isa = PBXFileReference; lastKnownFileType = sourcecode.c.objc; path = AppDelegate.m; sourceTree = "<group>"; };
		3FDA649A1CFDBF46009BE61D /* ViewController.h */ = {isa = PBXFileReference; lastKnownFileType = sourcecode.c.h; path = ViewController.h; sourceTree = "<group>"; };
		3FDA649B1CFDBF46009BE61D /* ViewController.m */ = {isa = PBXFileReference; lastKnownFileType = sourcecode.c.objc; path = ViewController.m; sourceTree = "<group>"; };
		3FDA649E1CFDBF46009BE61D /* Base */ = {isa = PBXFileReference; lastKnownFileType = file.storyboard; name = Base; path = Base.lproj/Main.storyboard; sourceTree = "<group>"; };
		3FDA64A01CFDBF46009BE61D /* Assets.xcassets */ = {isa = PBXFileReference; lastKnownFileType = folder.assetcatalog; path = Assets.xcassets; sourceTree = "<group>"; };
		3FDA64A31CFDBF46009BE61D /* Base */ = {isa = PBXFileReference; lastKnownFileType = file.storyboard; name = Base; path = Base.lproj/LaunchScreen.storyboard; sourceTree = "<group>"; };
		3FDA64A51CFDBF46009BE61D /* Info.plist */ = {isa = PBXFileReference; lastKnownFileType = text.plist.xml; path = Info.plist; sourceTree = "<group>"; };
		3FDA64AA1CFDBF46009BE61D /* 1233Tests.xctest */ = {isa = PBXFileReference; explicitFileType = wrapper.cfbundle; includeInIndex = 0; path = 1233Tests.xctest; sourceTree = BUILT_PRODUCTS_DIR; };
		3FDA64AE1CFDBF46009BE61D /* _233Tests.m */ = {isa = PBXFileReference; lastKnownFileType = sourcecode.c.objc; path = _233Tests.m; sourceTree = "<group>"; };
		3FDA64B01CFDBF46009BE61D /* Info.plist */ = {isa = PBXFileReference; lastKnownFileType = text.plist.xml; path = Info.plist; sourceTree = "<group>"; };
		3FDA64B51CFDBF46009BE61D /* 1233UITests.xctest */ = {isa = PBXFileReference; explicitFileType = wrapper.cfbundle; includeInIndex = 0; path = 1233UITests.xctest; sourceTree = BUILT_PRODUCTS_DIR; };
		3FDA64B91CFDBF46009BE61D /* _233UITests.m */ = {isa = PBXFileReference; lastKnownFileType = sourcecode.c.objc; path = _233UITests.m; sourceTree = "<group>"; };
		3FDA64BB1CFDBF46009BE61D /* Info.plist */ = {isa = PBXFileReference; lastKnownFileType = text.plist.xml; path = Info.plist; sourceTree = "<group>"; };
/* End PBXFileReference section */

/* Begin PBXFrameworksBuildPhase section */
		3FDA648E1CFDBF46009BE61D /* Frameworks */ = {
			isa = PBXFrameworksBuildPhase;
			buildActionMask = 2147483647;
			files = (
			);
			runOnlyForDeploymentPostprocessing = 0;
		};
		3FDA64A71CFDBF46009BE61D /* Frameworks */ = {
			isa = PBXFrameworksBuildPhase;
			buildActionMask = 2147483647;
			files = (
			);
			runOnlyForDeploymentPostprocessing = 0;
		};
		3FDA64B21CFDBF46009BE61D /* Frameworks */ = {
			isa = PBXFrameworksBuildPhase;
			buildActionMask = 2147483647;
			files = (
			);
			runOnlyForDeploymentPostprocessing = 0;
		};
/* End PBXFrameworksBuildPhase section */

/* Begin PBXGroup section */
		3FDA64881CFDBF46009BE61D = {
			isa = PBXGroup;
			children = (
				3FDA64931CFDBF46009BE61D /* 1233 */,
				3FDA64AD1CFDBF46009BE61D /* 1233Tests */,
				3FDA64B81CFDBF46009BE61D /* 1233UITests */,
				3FDA64921CFDBF46009BE61D /* Products */,
			);
			sourceTree = "<group>";
		};
		3FDA64921CFDBF46009BE61D /* Products */ = {
			isa = PBXGroup;
			children = (
				3FDA64911CFDBF46009BE61D /* 1233.app */,
				3FDA64AA1CFDBF46009BE61D /* 1233Tests.xctest */,
				3FDA64B51CFDBF46009BE61D /* 1233UITests.xctest */,
			);
			name = Products;
			sourceTree = "<group>";
		};
		3FDA64931CFDBF46009BE61D /* 1233 */ = {
			isa = PBXGroup;
			children = (
				3FDA64971CFDBF46009BE61D /* AppDelegate.h */,
				3FDA64981CFDBF46009BE61D /* AppDelegate.m */,
				3FDA649A1CFDBF46009BE61D /* ViewController.h */,
				3FDA649B1CFDBF46009BE61D /* ViewController.m */,
				3FDA649D1CFDBF46009BE61D /* Main.storyboard */,
				3FDA64A01CFDBF46009BE61D /* Assets.xcassets */,
				3FDA64A21CFDBF46009BE61D /* LaunchScreen.storyboard */,
				3FDA64A51CFDBF46009BE61D /* Info.plist */,
				3FDA64941CFDBF46009BE61D /* Supporting Files */,
			);
			path = 1233;
			sourceTree = "<group>";
		};
		3FDA64941CFDBF46009BE61D /* Supporting Files */ = {
			isa = PBXGroup;
			children = (
				3FDA64951CFDBF46009BE61D /* main.m */,
			);
			name = "Supporting Files";
			sourceTree = "<group>";
		};
		3FDA64AD1CFDBF46009BE61D /* 1233Tests */ = {
			isa = PBXGroup;
			children = (
				3FDA64AE1CFDBF46009BE61D /* _233Tests.m */,
				3FDA64B01CFDBF46009BE61D /* Info.plist */,
			);
			path = 1233Tests;
			sourceTree = "<group>";
		};
		3FDA64B81CFDBF46009BE61D /* 1233UITests */ = {
			isa = PBXGroup;
			children = (
				3FDA64B91CFDBF46009BE61D /* _233UITests.m */,
				3FDA64BB1CFDBF46009BE61D /* Info.plist */,
			);
			path = 1233UITests;
			sourceTree = "<group>";
		};
/* End PBXGroup section */

/* Begin PBXNativeTarget section */
		3FDA64901CFDBF46009BE61D /* 1233 */ = {
			isa = PBXNativeTarget;
			buildConfigurationList = 3FDA64BE1CFDBF46009BE61D /* Build configuration list for PBXNativeTarget "1233" */;
			buildPhases = (
				3FDA648D1CFDBF46009BE61D /* Sources */,
				3FDA648E1CFDBF46009BE61D /* Frameworks */,
				3FDA648F1CFDBF46009BE61D /* Resources */,
			);
			buildRules = (
			);
			dependencies = (
			);
			name = 1233;
			productName = 1233;
			productReference = 3FDA64911CFDBF46009BE61D /* 1233.app */;
			productType = "com.apple.product-type.application";
		};
		3FDA64A91CFDBF46009BE61D /* 1233Tests */ = {
			isa = PBXNativeTarget;
			buildConfigurationList = 3FDA64C11CFDBF46009BE61D /* Build configuration list for PBXNativeTarget "1233Tests" */;
			buildPhases = (
				3FDA64A61CFDBF46009BE61D /* Sources */,
				3FDA64A71CFDBF46009BE61D /* Frameworks */,
				3FDA64A81CFDBF46009BE61D /* Resources */,
			);
			buildRules = (
			);
			dependencies = (
				3FDA64AC1CFDBF46009BE61D /* PBXTargetDependency */,
			);
			name = 1233Tests;
			productName = 1233Tests;
			productReference = 3FDA64AA1CFDBF46009BE61D /* 1233Tests.xctest */;
			productType = "com.apple.product-type.bundle.unit-test";
		};
		3FDA64B41CFDBF46009BE61D /* 1233UITests */ = {
			isa = PBXNativeTarget;
			buildConfigurationList = 3FDA64C41CFDBF46009BE61D /* Build configuration list for PBXNativeTarget "1233UITests" */;
			buildPhases = (
				3FDA64B11CFDBF46009BE61D /* Sources */,
				3FDA64B21CFDBF46009BE61D /* Frameworks */,
				3FDA64B31CFDBF46009BE61D /* Resources */,
			);
			buildRules = (
			);
			dependencies = (
				3FDA64B71CFDBF46009BE61D /* PBXTargetDependency */,
			);
			name = 1233UITests;
			productName = 1233UITests;
			productReference = 3FDA64B51CFDBF46009BE61D /* 1233UITests.xctest */;
			productType = "com.apple.product-type.bundle.ui-testing";
		};
/* End PBXNativeTarget section */

/* Begin PBXProject section */
		3FDA64891CFDBF46009BE61D /* Project object */ = {
			isa = PBXProject;
			attributes = {
				LastUpgradeCheck = 0720;
				ORGANIZATIONNAME = andli;
				TargetAttributes = {
					3FDA64901CFDBF46009BE61D = {
						CreatedOnToolsVersion = 7.2;
					};
					3FDA64A91CFDBF46009BE61D = {
						CreatedOnToolsVersion = 7.2;
						TestTargetID = 3FDA64901CFDBF46009BE61D;
					};
					3FDA64B41CFDBF46009BE61D = {
						CreatedOnToolsVersion = 7.2;
						TestTargetID = 3FDA64901CFDBF46009BE61D;
					};
				};
			};
			buildConfigurationList = 3FDA648C1CFDBF46009BE61D /* Build configuration list for PBXProject "1233" */;
			compatibilityVersion = "Xcode 3.2";
			developmentRegion = English;
			hasScannedForEncodings = 0;
			knownRegions = (
				en,
				Base,
			);
			mainGroup = 3FDA64881CFDBF46009BE61D;
			productRefGroup = 3FDA64921CFDBF46009BE61D /* Products */;
			projectDirPath = "";
			projectRoot = "";
			targets = (
				3FDA64901CFDBF46009BE61D /* 1233 */,
				3FDA64A91CFDBF46009BE61D /* 1233Tests */,
				3FDA64B41CFDBF46009BE61D /* 1233UITests */,
			);
		};
/* End PBXProject section */

/* Begin PBXResourcesBuildPhase section */
		3FDA648F1CFDBF46009BE61D /* Resources */ = {
			isa = PBXResourcesBuildPhase;
			buildActionMask = 2147483647;
			files = (
				3FDA64A41CFDBF46009BE61D /* LaunchScreen.storyboard in Resources */,
				3FDA64A11CFDBF46009BE61D /* Assets.xcassets in Resources */,
				3FDA649F1CFDBF46009BE61D /* Main.storyboard in Resources */,
			);
			runOnlyForDeploymentPostprocessing = 0;
		};
		3FDA64A81CFDBF46009BE61D /* Resources */ = {
			isa = PBXResourcesBuildPhase;
			buildActionMask = 2147483647;
			files = (
			);
			runOnlyForDeploymentPostprocessing = 0;
		};
		3FDA64B31CFDBF46009BE61D /* Resources */ = {
			isa = PBXResourcesBuildPhase;
			buildActionMask = 2147483647;
			files = (
			);
			runOnlyForDeploymentPostprocessing = 0;
		};
/* End PBXResourcesBuildPhase section */

/* Begin PBXSourcesBuildPhase section */
		3FDA648D1CFDBF46009BE61D /* Sources */ = {
			isa = PBXSourcesBuildPhase;
			buildActionMask = 2147483647;
			files = (
				3FDA649C1CFDBF46009BE61D /* ViewController.m in Sources */,
				3FDA64991CFDBF46009BE61D /* AppDelegate.m in Sources */,
				3FDA64961CFDBF46009BE61D /* main.m in Sources */,
			);
			runOnlyForDeploymentPostprocessing = 0;
		};
		3FDA64A61CFDBF46009BE61D /* Sources */ = {
			isa = PBXSourcesBuildPhase;
			buildActionMask = 2147483647;
			files = (
				3FDA64AF1CFDBF46009BE61D /* _233Tests.m in Sources */,
			);
			runOnlyForDeploymentPostprocessing = 0;
		};
		3FDA64B11CFDBF46009BE61D /* Sources */ = {
			isa = PBXSourcesBuildPhase;
			buildActionMask = 2147483647;
			files = (
				3FDA64BA1CFDBF46009BE61D /* _233UITests.m in Sources */,
			);
			runOnlyForDeploymentPostprocessing = 0;
		};
/* End PBXSourcesBuildPhase section */

/* Begin PBXTargetDependency section */
		3FDA64AC1CFDBF46009BE61D /* PBXTargetDependency */ = {
			isa = PBXTargetDependency;
			target = 3FDA64901CFDBF46009BE61D /* 1233 */;
			targetProxy = 3FDA64AB1CFDBF46009BE61D /* PBXContainerItemProxy */;
		};
		3FDA64B71CFDBF46009BE61D /* PBXTargetDependency */ = {
			isa = PBXTargetDependency;
			target = 3FDA64901CFDBF46009BE61D /* 1233 */;
			targetProxy = 3FDA64B61CFDBF46009BE61D /* PBXContainerItemProxy */;
		};
/* End PBXTargetDependency section */

/* Begin PBXVariantGroup section */
		3FDA649D1CFDBF46009BE61D /* Main.storyboard */ = {
			isa = PBXVariantGroup;
			children = (
				3FDA649E1CFDBF46009BE61D /* Base */,
			);
			name = Main.storyboard;
			sourceTree = "<group>";
		};
		3FDA64A21CFDBF46009BE61D /* LaunchScreen.storyboard */ = {
			isa = PBXVariantGroup;
			children = (
				3FDA64A31CFDBF46009BE61D /* Base */,
			);
			name = LaunchScreen.storyboard;
			sourceTree = "<group>";
		};
/* End PBXVariantGroup section */

/* Begin XCBuildConfiguration section */
		3FDA64BC1CFDBF46009BE61D /* Debug */ = {
			isa = XCBuildConfiguration;
			buildSettings = {
				ALWAYS_SEARCH_USER_PATHS = NO;
				CLANG_CXX_LANGUAGE_STANDARD = "gnu++0x";
				CLANG_CXX_LIBRARY = "libc++";
				CLANG_ENABLE_MODULES = YES;
				CLANG_ENABLE_OBJC_ARC = YES;
				CLANG_WARN_BOOL_CONVERSION = YES;
				CLANG_WARN_CONSTANT_CONVERSION = YES;
				CLANG_WARN_DIRECT_OBJC_ISA_USAGE = YES_ERROR;
				CLANG_WARN_EMPTY_BODY = YES;
				CLANG_WARN_ENUM_CONVERSION = YES;
				CLANG_WARN_INT_CONVERSION = YES;
				CLANG_WARN_OBJC_ROOT_CLASS = YES_ERROR;
				CLANG_WARN_UNREACHABLE_CODE = YES;
				CLANG_WARN__DUPLICATE_METHOD_MATCH = YES;
				"CODE_SIGN_IDENTITY[sdk=iphoneos*]" = "iPhone Developer";
				COPY_PHASE_STRIP = NO;
				DEBUG_INFORMATION_FORMAT = dwarf;
				ENABLE_STRICT_OBJC_MSGSEND = YES;
				ENABLE_TESTABILITY = YES;
				GCC_C_LANGUAGE_STANDARD = gnu99;
				GCC_DYNAMIC_NO_PIC = NO;
				GCC_NO_COMMON_BLOCKS = YES;
				GCC_OPTIMIZATION_LEVEL = 0;
				GCC_PREPROCESSOR_DEFINITIONS = (
					"DEBUG=1",
					"$(inherited)",
				);
				GCC_WARN_64_TO_32_BIT_CONVERSION = YES;
				GCC_WARN_ABOUT_RETURN_TYPE = YES_ERROR;
				GCC_WARN_UNDECLARED_SELECTOR = YES;
				GCC_WARN_UNINITIALIZED_AUTOS = YES_AGGRESSIVE;
				GCC_WARN_UNUSED_FUNCTION = YES;
				GCC_WARN_UNUSED_VARIABLE = YES;
				IPHONEOS_DEPLOYMENT_TARGET = 9.2;
				MTL_ENABLE_DEBUG_INFO = YES;
				ONLY_ACTIVE_ARCH = YES;
				SDKROOT = iphoneos;
			};
			name = Debug;
		};
		3FDA64BD1CFDBF46009BE61D /* Release */ = {
			isa = XCBuildConfiguration;
			buildSettings = {
				ALWAYS_SEARCH_USER_PATHS = NO;
				CLANG_CXX_LANGUAGE_STANDARD = "gnu++0x";
				CLANG_CXX_LIBRARY = "libc++";
				CLANG_ENABLE_MODULES = YES;
				CLANG_ENABLE_OBJC_ARC = YES;
				CLANG_WARN_BOOL_CONVERSION = YES;
				CLANG_WARN_CONSTANT_CONVERSION = YES;
				CLANG_WARN_DIRECT_OBJC_ISA_USAGE = YES_ERROR;
				CLANG_WARN_EMPTY_BODY = YES;
				CLANG_WARN_ENUM_CONVERSION = YES;
				CLANG_WARN_INT_CONVERSION = YES;
				CLANG_WARN_OBJC_ROOT_CLASS = YES_ERROR;
				CLANG_WARN_UNREACHABLE_CODE = YES;
				CLANG_WARN__DUPLICATE_METHOD_MATCH = YES;
				"CODE_SIGN_IDENTITY[sdk=iphoneos*]" = "iPhone Developer";
				COPY_PHASE_STRIP = NO;
				DEBUG_INFORMATION_FORMAT = "dwarf-with-dsym";
				ENABLE_NS_ASSERTIONS = NO;
				ENABLE_STRICT_OBJC_MSGSEND = YES;
				GCC_C_LANGUAGE_STANDARD = gnu99;
				GCC_NO_COMMON_BLOCKS = YES;
				GCC_WARN_64_TO_32_BIT_CONVERSION = YES;
				GCC_WARN_ABOUT_RETURN_TYPE = YES_ERROR;
				GCC_WARN_UNDECLARED_SELECTOR = YES;
				GCC_WARN_UNINITIALIZED_AUTOS = YES_AGGRESSIVE;
				GCC_WARN_UNUSED_FUNCTION = YES;
				GCC_WARN_UNUSED_VARIABLE = YES;
				IPHONEOS_DEPLOYMENT_TARGET = 9.2;
				MTL_ENABLE_DEBUG_INFO = NO;
				SDKROOT = iphoneos;
				VALIDATE_PRODUCT = YES;
			};
			name = Release;
		};
		3FDA64BF1CFDBF46009BE61D /* Debug */ = {
			isa = XCBuildConfiguration;
			buildSettings = {
				ASSETCATALOG_COMPILER_APPICON_NAME = AppIcon;
				CLANG_ENABLE_OBJC_ARC = NO;
				INFOPLIST_FILE = 1233/Info.plist;
				LD_RUNPATH_SEARCH_PATHS = "$(inherited) @executable_path/Frameworks";
				PRODUCT_BUNDLE_IDENTIFIER = "yangjin.-233";
				PRODUCT_NAME = "$(TARGET_NAME)";
			};
			name = Debug;
		};
		3FDA64C01CFDBF46009BE61D /* Release */ = {
			isa = XCBuildConfiguration;
			buildSettings = {
				ASSETCATALOG_COMPILER_APPICON_NAME = AppIcon;
				CLANG_ENABLE_OBJC_ARC = NO;
				INFOPLIST_FILE = 1233/Info.plist;
				LD_RUNPATH_SEARCH_PATHS = "$(inherited) @executable_path/Frameworks";
				PRODUCT_BUNDLE_IDENTIFIER = "yangjin.-233";
				PRODUCT_NAME = "$(TARGET_NAME)";
			};
			name = Release;
		};
		3FDA64C21CFDBF46009BE61D /* Debug */ = {
			isa = XCBuildConfiguration;
			buildSettings = {
				BUNDLE_LOADER = "$(TEST_HOST)";
				INFOPLIST_FILE = 1233Tests/Info.plist;
				LD_RUNPATH_SEARCH_PATHS = "$(inherited) @executable_path/Frameworks @loader_path/Frameworks";
				PRODUCT_BUNDLE_IDENTIFIER = "yangjin.-233Tests";
				PRODUCT_NAME = "$(TARGET_NAME)";
				TEST_HOST = "$(BUILT_PRODUCTS_DIR)/1233.app/1233";
			};
			name = Debug;
		};
		3FDA64C31CFDBF46009BE61D /* Release */ = {
			isa = XCBuildConfiguration;
			buildSettings = {
				BUNDLE_LOADER = "$(TEST_HOST)";
				INFOPLIST_FILE = 1233Tests/Info.plist;
				LD_RUNPATH_SEARCH_PATHS = "$(inherited) @executable_path/Frameworks @loader_path/Frameworks";
				PRODUCT_BUNDLE_IDENTIFIER = "yangjin.-233Tests";
				PRODUCT_NAME = "$(TARGET_NAME)";
				TEST_HOST = "$(BUILT_PRODUCTS_DIR)/1233.app/1233";
			};
			name = Release;
		};
		3FDA64C51CFDBF46009BE61D /* Debug */ = {
			isa = XCBuildConfiguration;
			buildSettings = {
				INFOPLIST_FILE = 1233UITests/Info.plist;
				LD_RUNPATH_SEARCH_PATHS = "$(inherited) @executable_path/Frameworks @loader_path/Frameworks";
				PRODUCT_BUNDLE_IDENTIFIER = "yangjin.-233UITests";
				PRODUCT_NAME = "$(TARGET_NAME)";
				TEST_TARGET_NAME = 1233;
				USES_XCTRUNNER = YES;
			};
			name = Debug;
		};
		3FDA64C61CFDBF46009BE61D /* Release */ = {
			isa = XCBuildConfiguration;
			buildSettings = {
				INFOPLIST_FILE = 1233UITests/Info.plist;
				LD_RUNPATH_SEARCH_PATHS = "$(inherited) @executable_path/Frameworks @loader_path/Frameworks";
				PRODUCT_BUNDLE_IDENTIFIER = "yangjin.-233UITests";
				PRODUCT_NAME = "$(TARGET_NAME)";
				TEST_TARGET_NAME = 1233;
				USES_XCTRUNNER = YES;
			};
			name = Release;
		};
/* End XCBuildConfiguration section */

/* Begin XCConfigurationList section */
		3FDA648C1CFDBF46009BE61D /* Build configuration list for PBXProject "1233" */ = {
			isa = XCConfigurationList;
			buildConfigurations = (
				3FDA64BC1CFDBF46009BE61D /* Debug */,
				3FDA64BD1CFDBF46009BE61D /* Release */,
			);
			defaultConfigurationIsVisible = 0;
			defaultConfigurationName = Release;
		};
		3FDA64BE1CFDBF46009BE61D /* Build configuration list for PBXNativeTarget "1233" */ = {
			isa = XCConfigurationList;
			buildConfigurations = (
				3FDA64BF1CFDBF46009BE61D /* Debug */,
				3FDA64C01CFDBF46009BE61D /* Release */,
			);
			defaultConfigurationIsVisible = 0;
		};
		3FDA64C11CFDBF46009BE61D /* Build configuration list for PBXNativeTarget "1233Tests" */ = {
			isa = XCConfigurationList;
			buildConfigurations = (
				3FDA64C21CFDBF46009BE61D /* Debug */,
				3FDA64C31CFDBF46009BE61D /* Release */,
			);
			defaultConfigurationIsVisible = 0;
		};
		3FDA64C41CFDBF46009BE61D /* Build configuration list for PBXNativeTarget "1233UITests" */ = {
			isa = XCConfigurationList;
			buildConfigurations = (
				3FDA64C51CFDBF46009BE61D /* Debug */,
				3FDA64C61CFDBF46009BE61D /* Release */,
			);
			defaultConfigurationIsVisible = 0;
		};
/* End XCConfigurationList section */
	};
	rootObject = 3FDA64891CFDBF46009BE61D /* Project object */;
}
